
Microsoft Visual Studio Solution File, Format Version 12.00
# Visual Studio Version 17
VisualStudioVersion = 17.0.32014.148
MinimumVisualStudioVersion = 10.0.40219.1
Project("{9A19103F-16F7-4668-BE54-9A1E7A4F7556}") = "BackProYsa.UI", "BackProYsa.UI\BackProYsa.UI.csproj", "{DAFAD978-E4C9-40B3-9AD9-41B58019EF95}"
EndProject
Project("{9A19103F-16F7-4668-BE54-9A1E7A4F7556}") = "BackProYsa.lib", "BackProYsa.lib\BackProYsa.lib.csproj", "{9129214A-8E7F-444C-92DE-12364CC46320}"
EndProject
Project("{9A19103F-16F7-4668-BE54-9A1E7A4F7556}") = "BackProYsa.DataAccess", "BackProYsa.DataAccess\BackProYsa.DataAccess.csproj", "{AE4D2732-839F-40E4-8919-D719B1970908}"
EndProject
Project("{FAE04EC0-301F-11D3-BF4B-00C04F79EFBC}") = "BackProYsa.Infrastructure", "BackProYsa.Infrastructure\BackProYsa.Infrastructure.csproj", "{26F1AEA1-3E91-4081-886A-F78959290865}"
EndProject
Project("{FAE04EC0-301F-11D3-BF4B-00C04F79EFBC}") = "BackProYsaML.Model", "BackProYsaML.Model\BackProYsaML.Model.csproj", "{DD3320D5-2103-4BA8-A3EE-8ECBAFB56B92}"
EndProject
Global
	GlobalSection(SolutionConfigurationPlatforms) = preSolution
		Debug|Any CPU = Debug|Any CPU
		Release|Any CPU = Release|Any CPU
	EndGlobalSection
	GlobalSection(ProjectConfigurationPlatforms) = postSolution
		{DAFAD978-E4C9-40B3-9AD9-41B58019EF95}.Debug|Any CPU.ActiveCfg = Debug|Any CPU
		{DAFAD978-E4C9-40B3-9AD9-41B58019EF95}.Debug|Any CPU.Build.0 = Debug|Any CPU
		{DAFAD978-E4C9-40B3-9AD9-41B58019EF95}.Release|Any CPU.ActiveCfg = Release|Any CPU
		{DAFAD978-E4C9-40B3-9AD9-41B58019EF95}.Release|Any CPU.Build.0 = Release|Any CPU
		{9129214A-8E7F-444C-92DE-12364CC46320}.Debug|Any CPU.ActiveCfg = Debug|Any CPU
		{9129214A-8E7F-444C-92DE-12364CC46320}.Debug|Any CPU.Build.0 = Debug|Any CPU
		{9129214A-8E7F-444C-92DE-12364CC46320}.Release|Any CPU.ActiveCfg = Release|Any CPU
		{9129214A-8E7F-444C-92DE-12364CC46320}.Release|Any CPU.Build.0 = Release|Any CPU
		{AE4D2732-839F-40E4-8919-D719B1970908}.Debug|Any CPU.ActiveCfg = Debug|Any CPU
		{AE4D2732-839F-40E4-8919-D719B1970908}.Debug|Any CPU.Build.0 = Debug|Any CPU
		{AE4D2732-839F-40E4-8919-D719B1970908}.Release|Any CPU.ActiveCfg = Release|Any CPU
		{AE4D2732-839F-40E4-8919-D719B1970908}.Release|Any CPU.Build.0 = Release|Any CPU
		{26F1AEA1-3E91-4081-886A-F78959290865}.Debug|Any CPU.ActiveCfg = Debug|Any CPU
		{26F1AEA1-3E91-4081-886A-F78959290865}.Debug|Any CPU.Build.0 = Debug|Any CPU
		{26F1AEA1-3E91-4081-886A-F78959290865}.Release|Any CPU.ActiveCfg = Release|Any CPU
		{26F1AEA1-3E91-4081-886A-F78959290865}.Release|Any CPU.Build.0 = Release|Any CPU
		{DD3320D5-2103-4BA8-A3EE-8ECBAFB56B92}.Debug|Any CPU.ActiveCfg = Debug|Any CPU
		{DD3320D5-2103-4BA8-A3EE-8ECBAFB56B92}.Debug|Any CPU.Build.0 = Debug|Any CPU
		{DD3320D5-2103-4BA8-A3EE-8ECBAFB56B92}.Release|Any CPU.ActiveCfg = Release|Any CPU
		{DD3320D5-2103-4BA8-A3EE-8ECBAFB56B92}.Release|Any CPU.Build.0 = Release|Any CPU
	EndGlobalSection
	GlobalSection(SolutionProperties) = preSolution
		HideSolutionNode = FALSE
	EndGlobalSection
	GlobalSection(ExtensibilityGlobals) = postSolution
		SolutionGuid = {52415277-1232-4FBC-AABF-6F7EA02DA9B9}
	EndGlobalSection
EndGlobal
